
Microsoft Visual Studio Solution File, Format Version 12.00
# Visual Studio Version 17
VisualStudioVersion = 17.7.34031.279
MinimumVisualStudioVersion = 10.0.40219.1
Project("{FAE04EC0-301F-11D3-BF4B-00C04F79EFBC}") = "C#102HTTPStatus", "C#102HTTPStatus.csproj", "{78CC402B-5C2D-43F3-A379-4269AF0C42B5}"
EndProject
Global
	GlobalSection(SolutionConfigurationPlatforms) = preSolution
		Debug|Any CPU = Debug|Any CPU
		Release|Any CPU = Release|Any CPU
	EndGlobalSection
	GlobalSection(ProjectConfigurationPlatforms) = postSolution
		{78CC402B-5C2D-43F3-A379-4269AF0C42B5}.Debug|Any CPU.ActiveCfg = Debug|Any CPU
		{78CC402B-5C2D-43F3-A379-4269AF0C42B5}.Debug|Any CPU.Build.0 = Debug|Any CPU
		{78CC402B-5C2D-43F3-A379-4269AF0C42B5}.Release|Any CPU.ActiveCfg = Release|Any CPU
		{78CC402B-5C2D-43F3-A379-4269AF0C42B5}.Release|Any CPU.Build.0 = Release|Any CPU
	EndGlobalSection
	GlobalSection(SolutionProperties) = preSolution
		HideSolutionNode = FALSE
	EndGlobalSection
	GlobalSection(ExtensibilityGlobals) = postSolution
		SolutionGuid = {A8FFD90A-D849-45E8-AE01-6EE86353BD69}
	EndGlobalSection
EndGlobal
