
Microsoft Visual Studio Solution File, Format Version 12.00
# Visual Studio Version 17
VisualStudioVersion = 17.7.34031.279
MinimumVisualStudioVersion = 10.0.40219.1
Project("{FAE04EC0-301F-11D3-BF4B-00C04F79EFBC}") = "C#102Date_Time", "C#102Date_Time.csproj", "{6F9D7D6E-CDAA-437E-B2C9-0674BD2233D5}"
EndProject
Global
	GlobalSection(SolutionConfigurationPlatforms) = preSolution
		Debug|Any CPU = Debug|Any CPU
		Release|Any CPU = Release|Any CPU
	EndGlobalSection
	GlobalSection(ProjectConfigurationPlatforms) = postSolution
		{6F9D7D6E-CDAA-437E-B2C9-0674BD2233D5}.Debug|Any CPU.ActiveCfg = Debug|Any CPU
		{6F9D7D6E-CDAA-437E-B2C9-0674BD2233D5}.Debug|Any CPU.Build.0 = Debug|Any CPU
		{6F9D7D6E-CDAA-437E-B2C9-0674BD2233D5}.Release|Any CPU.ActiveCfg = Release|Any CPU
		{6F9D7D6E-CDAA-437E-B2C9-0674BD2233D5}.Release|Any CPU.Build.0 = Release|Any CPU
	EndGlobalSection
	GlobalSection(SolutionProperties) = preSolution
		HideSolutionNode = FALSE
	EndGlobalSection
	GlobalSection(ExtensibilityGlobals) = postSolution
		SolutionGuid = {19C76AC1-900B-4AB2-8BC5-BA657FD09586}
	EndGlobalSection
EndGlobal
